
Microsoft Visual Studio Solution File, Format Version 12.00
# Visual Studio Version 16
VisualStudioVersion = 16.0.29102.190
MinimumVisualStudioVersion = 10.0.40219.1
Project("{FAE04EC0-301F-11D3-BF4B-00C04F79EFBC}") = "SharePoint.WebHooks.Common", "SharePoint.WebHooks.Common\SharePoint.WebHooks.Common.csproj", "{F7BF4B65-F659-4B33-A5E0-F6CA1568A361}"
EndProject
Project("{9A19103F-16F7-4668-BE54-9A1E7A4F7556}") = "CrossSiteApprovalsFunctions", "CrossSiteApprovalsFunctions\CrossSiteApprovalsFunctions.csproj", "{324BFE4F-8A51-471D-8400-854B5D12CE14}"
EndProject
Project("{151D2E53-A2C4-4D7D-83FE-D05416EBD58E}") = "CrossSiteApprovalsFunctionDeployment", "CrossSiteApprovalsFunctionDeployment\CrossSiteApprovalsFunctionDeployment.deployproj", "{48A924D0-B545-4FE5-B4A9-6E0CA1EE8443}"
EndProject
Global
	GlobalSection(SolutionConfigurationPlatforms) = preSolution
		Debug|Any CPU = Debug|Any CPU
		Release|Any CPU = Release|Any CPU
	EndGlobalSection
	GlobalSection(ProjectConfigurationPlatforms) = postSolution
		{F7BF4B65-F659-4B33-A5E0-F6CA1568A361}.Debug|Any CPU.ActiveCfg = Debug|Any CPU
		{F7BF4B65-F659-4B33-A5E0-F6CA1568A361}.Debug|Any CPU.Build.0 = Debug|Any CPU
		{F7BF4B65-F659-4B33-A5E0-F6CA1568A361}.Release|Any CPU.ActiveCfg = Release|Any CPU
		{F7BF4B65-F659-4B33-A5E0-F6CA1568A361}.Release|Any CPU.Build.0 = Release|Any CPU
		{324BFE4F-8A51-471D-8400-854B5D12CE14}.Debug|Any CPU.ActiveCfg = Debug|Any CPU
		{324BFE4F-8A51-471D-8400-854B5D12CE14}.Debug|Any CPU.Build.0 = Debug|Any CPU
		{324BFE4F-8A51-471D-8400-854B5D12CE14}.Release|Any CPU.ActiveCfg = Release|Any CPU
		{324BFE4F-8A51-471D-8400-854B5D12CE14}.Release|Any CPU.Build.0 = Release|Any CPU
		{48A924D0-B545-4FE5-B4A9-6E0CA1EE8443}.Debug|Any CPU.ActiveCfg = Debug|Any CPU
		{48A924D0-B545-4FE5-B4A9-6E0CA1EE8443}.Debug|Any CPU.Build.0 = Debug|Any CPU
		{48A924D0-B545-4FE5-B4A9-6E0CA1EE8443}.Release|Any CPU.ActiveCfg = Release|Any CPU
		{48A924D0-B545-4FE5-B4A9-6E0CA1EE8443}.Release|Any CPU.Build.0 = Release|Any CPU
	EndGlobalSection
	GlobalSection(SolutionProperties) = preSolution
		HideSolutionNode = FALSE
	EndGlobalSection
	GlobalSection(ExtensibilityGlobals) = postSolution
		SolutionGuid = {D96B2187-D27D-4E57-887B-28A931A6B237}
	EndGlobalSection
EndGlobal
